
Microsoft Visual Studio Solution File, Format Version 12.00
# Visual Studio Version 16
VisualStudioVersion = 16.0.30804.86
MinimumVisualStudioVersion = 10.0.40219.1
Project("{FAE04EC0-301F-11D3-BF4B-00C04F79EFBC}") = "HadankyScaffolded", "HadankyScaffolded\HadankyScaffolded.csproj", "{A951BCEA-5E37-458A-929F-E2F3802591BF}"
EndProject
Global
	GlobalSection(SolutionConfigurationPlatforms) = preSolution
		Debug|Any CPU = Debug|Any CPU
		Release|Any CPU = Release|Any CPU
	EndGlobalSection
	GlobalSection(ProjectConfigurationPlatforms) = postSolution
		{A951BCEA-5E37-458A-929F-E2F3802591BF}.Debug|Any CPU.ActiveCfg = Debug|Any CPU
		{A951BCEA-5E37-458A-929F-E2F3802591BF}.Debug|Any CPU.Build.0 = Debug|Any CPU
		{A951BCEA-5E37-458A-929F-E2F3802591BF}.Release|Any CPU.ActiveCfg = Release|Any CPU
		{A951BCEA-5E37-458A-929F-E2F3802591BF}.Release|Any CPU.Build.0 = Release|Any CPU
	EndGlobalSection
	GlobalSection(SolutionProperties) = preSolution
		HideSolutionNode = FALSE
	EndGlobalSection
	GlobalSection(ExtensibilityGlobals) = postSolution
		SolutionGuid = {795D0711-FBC5-4183-BBDA-CB21258CEFAE}
	EndGlobalSection
EndGlobal
